
Microsoft Visual Studio Solution File, Format Version 12.00
# Visual Studio Version 16
VisualStudioVersion = 16.0.31005.135
MinimumVisualStudioVersion = 10.0.40219.1
Project("{8BC9CEB8-8B4A-11D0-8D11-00A0C91BC942}") = "Tanks_Proj", "Tanks_Proj\Tanks_Proj.vcxproj", "{0F8BD2D1-DCCA-4644-9777-67D476EAC505}"
EndProject
Global
	GlobalSection(SolutionConfigurationPlatforms) = preSolution
		Debug|x64 = Debug|x64
		Debug|x86 = Debug|x86
		Release|x64 = Release|x64
		Release|x86 = Release|x86
	EndGlobalSection
	GlobalSection(ProjectConfigurationPlatforms) = postSolution
		{0F8BD2D1-DCCA-4644-9777-67D476EAC505}.Debug|x64.ActiveCfg = Debug|x64
		{0F8BD2D1-DCCA-4644-9777-67D476EAC505}.Debug|x64.Build.0 = Debug|x64
		{0F8BD2D1-DCCA-4644-9777-67D476EAC505}.Debug|x86.ActiveCfg = Debug|Win32
		{0F8BD2D1-DCCA-4644-9777-67D476EAC505}.Debug|x86.Build.0 = Debug|Win32
		{0F8BD2D1-DCCA-4644-9777-67D476EAC505}.Release|x64.ActiveCfg = Release|x64
		{0F8BD2D1-DCCA-4644-9777-67D476EAC505}.Release|x64.Build.0 = Release|x64
		{0F8BD2D1-DCCA-4644-9777-67D476EAC505}.Release|x86.ActiveCfg = Release|Win32
		{0F8BD2D1-DCCA-4644-9777-67D476EAC505}.Release|x86.Build.0 = Release|Win32
	EndGlobalSection
	GlobalSection(SolutionProperties) = preSolution
		HideSolutionNode = FALSE
	EndGlobalSection
	GlobalSection(ExtensibilityGlobals) = postSolution
		SolutionGuid = {3FAC8C8A-5BD0-4D23-B5E9-AAA9C34B8CE6}
	EndGlobalSection
EndGlobal
