<?xml version="1.0" encoding="utf-8"?>
<Project ToolsVersion="4.0" xmlns="http://schemas.microsoft.com/developer/msbuild/2003">
  <ItemGroup>
    <Filter Include="Source Files">
      <UniqueIdentifier>{4FC737F1-C7A5-4376-A066-2A32D752A2FF}</UniqueIdentifier>
      <Extensions>cpp;c;cc;cxx;c++;cppm;ixx;def;odl;idl;hpj;bat;asm;asmx</Extensions>
    </Filter>
    <Filter Include="Header Files">
      <UniqueIdentifier>{93995380-89BD-4b04-88EB-625FBE52EBFB}</UniqueIdentifier>
      <Extensions>h;hh;hpp;hxx;h++;hm;inl;inc;ipp;xsd</Extensions>
    </Filter>
    <Filter Include="Resource Files">
      <UniqueIdentifier>{67DA6AB6-F800-4c08-8B7A-83BB121AAD01}</UniqueIdentifier>
      <Extensions>rc;ico;cur;bmp;dlg;rc2;rct;bin;rgs;gif;jpg;jpeg;jpe;resx;tiff;tif;png;wav;mfcribbon-ms</Extensions>
    </Filter>
    <Filter Include="Source Files\Game">
      <UniqueIdentifier>{91cba7d6-7f24-49a3-ba57-3aae19e30a95}</UniqueIdentifier>
    </Filter>
    <Filter Include="Source Files\Tanks">
      <UniqueIdentifier>{17ff3cf9-913c-4812-bed4-2332ffd81eed}</UniqueIdentifier>
    </Filter>
    <Filter Include="Source Files\Projectiles">
      <UniqueIdentifier>{f4c0a7e0-5ba3-42e2-b7cf-7f1f3357d9d0}</UniqueIdentifier>
    </Filter>
    <Filter Include="Source Files\Bonus">
      <UniqueIdentifier>{45bc58d5-9b0e-4c85-8a7c-3c0b804c2247}</UniqueIdentifier>
    </Filter>
    <Filter Include="Header Files\Game">
      <UniqueIdentifier>{7ff61150-3d91-499e-ac3a-483ac6446755}</UniqueIdentifier>
    </Filter>
    <Filter Include="Header Files\Bonus">
      <UniqueIdentifier>{ce464119-b216-45bd-a686-c37f64da16ff}</UniqueIdentifier>
    </Filter>
    <Filter Include="Header Files\Projectiles">
      <UniqueIdentifier>{92dd3ff7-4299-4c8f-a34f-2f7ff0ee119d}</UniqueIdentifier>
    </Filter>
    <Filter Include="Header Files\Tanks">
      <UniqueIdentifier>{87459e0b-783e-4755-922d-ab08bcecb9ce}</UniqueIdentifier>
    </Filter>
    <Filter Include="Source Files\Controllers">
      <UniqueIdentifier>{6b3c2b62-aaf0-4713-baa6-3a88b4c73a2c}</UniqueIdentifier>
    </Filter>
    <Filter Include="Header Files\Controllers">
      <UniqueIdentifier>{34acfdc1-e298-45b8-ac84-ccc3e917ec4b}</UniqueIdentifier>
    </Filter>
    <Filter Include="Source Files\Objects">
      <UniqueIdentifier>{64399351-082e-4678-b5e2-03bb9404190e}</UniqueIdentifier>
    </Filter>
    <Filter Include="Header Files\Objects">
      <UniqueIdentifier>{184c0c8a-4293-4536-a10c-e5a906b070bd}</UniqueIdentifier>
    </Filter>
  </ItemGroup>
  <ItemGroup>
    <ClCompile Include="Projectile.cpp">
      <Filter>Source Files\Projectiles</Filter>
    </ClCompile>
    <ClCompile Include="PlayerTank.cpp">
      <Filter>Source Files\Tanks</Filter>
    </ClCompile>
    <ClCompile Include="EnemyTank.cpp">
      <Filter>Source Files\Tanks</Filter>
    </ClCompile>
    <ClCompile Include="Game.cpp">
      <Filter>Source Files\Game</Filter>
    </ClCompile>
    <ClCompile Include="GameRules.cpp">
      <Filter>Source Files\Game</Filter>
    </ClCompile>
    <ClCompile Include="Tanks.cpp">
      <Filter>Source Files\Tanks</Filter>
    </ClCompile>
    <ClCompile Include="EnemyController.cpp">
      <Filter>Source Files\Controllers</Filter>
    </ClCompile>
    <ClCompile Include="ProjectileController.cpp">
      <Filter>Source Files\Controllers</Filter>
    </ClCompile>
    <ClCompile Include="Wall.cpp">
      <Filter>Source Files\Objects</Filter>
    </ClCompile>
    <ClCompile Include="GameInstance.cpp">
      <Filter>Source Files</Filter>
    </ClCompile>
    <ClCompile Include="BrickWall.cpp">
      <Filter>Source Files\Objects</Filter>
    </ClCompile>
    <ClCompile Include="SteelWall.cpp">
      <Filter>Source Files\Objects</Filter>
    </ClCompile>
    <ClCompile Include="HealthController.cpp">
      <Filter>Source Files\Controllers</Filter>
    </ClCompile>
    <ClCompile Include="Phoenix.cpp">
      <Filter>Source Files\Objects</Filter>
    </ClCompile>
  </ItemGroup>
  <ItemGroup>
    <ClInclude Include="GameRules.h">
      <Filter>Header Files\Game</Filter>
    </ClInclude>
    <ClInclude Include="PlayerTank.h">
      <Filter>Header Files\Tanks</Filter>
    </ClInclude>
    <ClInclude Include="EnemyTank.h">
      <Filter>Header Files\Tanks</Filter>
    </ClInclude>
    <ClInclude Include="Projectile.h">
      <Filter>Header Files\Projectiles</Filter>
    </ClInclude>
    <ClInclude Include="Framework.h">
      <Filter>Header Files\Game</Filter>
    </ClInclude>
    <ClInclude Include="Tanks.h">
      <Filter>Header Files\Tanks</Filter>
    </ClInclude>
    <ClInclude Include="EnemyController.h">
      <Filter>Header Files\Controllers</Filter>
    </ClInclude>
    <ClInclude Include="ProjectileController.h">
      <Filter>Header Files\Controllers</Filter>
    </ClInclude>
    <ClInclude Include="Wall.h">
      <Filter>Header Files\Objects</Filter>
    </ClInclude>
    <ClInclude Include="GameInstance.h">
      <Filter>Header Files</Filter>
    </ClInclude>
    <ClInclude Include="SteelWall.h">
      <Filter>Header Files\Objects</Filter>
    </ClInclude>
    <ClInclude Include="BrickWall.h">
      <Filter>Header Files\Objects</Filter>
    </ClInclude>
    <ClInclude Include="HealthController.h">
      <Filter>Header Files\Controllers</Filter>
    </ClInclude>
    <ClInclude Include="Phoenix.h">
      <Filter>Header Files\Objects</Filter>
    </ClInclude>
  </ItemGroup>
</Project>